{
    "name": "demo",
    "version": "0.1.0",
    "lockfileVersion": 1,
    "requires": true,
    "dependencies": {
        "axios": {
            "version": "0.18.1",
            "resolved": "https://registry.npm.taobao.org/axios/download/axios-0.18.1.tgz",
            "integrity": "sha1-/z8N4ue10YDnV62YAA8Qgbh7zqM=",
            "requires": {
                "follow-redirects": "1.5.10",
                "is-buffer": "^2.0.2"
            }
        },
        "debug": {
            "version": "3.1.0",
            "resolved": "https://registry.npm.taobao.org/debug/download/debug-3.1.0.tgz?cache=0&other_urls=https%3A%2F%2Fregistry.npm.taobao.org%2Fdebug%2Fdownload%2Fdebug-3.1.0.tgz",
            "integrity": "sha1-W7WgZyYotkFJVmuhaBnmFRjGcmE=",
            "requires": {
                "ms": "2.0.0"
            }
        },
        "follow-redirects": {
            "version": "1.5.10",
            "resolved": "https://registry.npm.taobao.org/follow-redirects/download/follow-redirects-1.5.10.tgz",
            "integrity": "sha1-e3qfmuov3/NnhqlP9kPtB/T/Xio=",
            "requires": {
                "debug": "=3.1.0"
            }
        },
        "is-buffer": {
            "version": "2.0.3",
            "resolved": "https://registry.npm.taobao.org/is-buffer/download/is-buffer-2.0.3.tgz",
            "integrity": "sha1-Ts8/z3ScvR5HJonhCaxmJhol5yU="
        },
        "js-cookie": {
            "version": "2.2.1",
            "resolved": "https://registry.npm.taobao.org/js-cookie/download/js-cookie-2.2.1.tgz",
            "integrity": "sha1-aeEG3F1YBolFYpAqpbrsN0Tpsrg="
        },
        "ms": {
            "version": "2.0.0",
            "resolved": "https://registry.npm.taobao.org/ms/download/ms-2.0.0.tgz?cache=0&other_urls=https%3A%2F%2Fregistry.npm.taobao.org%2Fms%2Fdownload%2Fms-2.0.0.tgz",
            "integrity": "sha1-VgiurfwAvmwpAd9fmGF4jeDVl8g="
        },
        "qs": {
            "version": "6.7.0",
            "resolved": "https://registry.npm.taobao.org/qs/download/qs-6.7.0.tgz?cache=0&other_urls=https%3A%2F%2Fregistry.npm.taobao.org%2Fqs%2Fdownload%2Fqs-6.7.0.tgz",
            "integrity": "sha1-QdwaAV49WB8WIXdr4xr7KHapsbw="
        },
        "ra-dp-strapi": {
            "version": "0.1.1",
            "resolved": "https://registry.npm.taobao.org/ra-dp-strapi/download/ra-dp-strapi-0.1.1.tgz",
            "integrity": "sha1-Gb6o0VX0DLh5tC5AcWZ7yb0IA3g="
        },
        "ra-language-chinese": {
            "version": "2.0.5",
            "resolved": "https://registry.npm.taobao.org/ra-language-chinese/download/ra-language-chinese-2.0.5.tgz",
            "integrity": "sha1-UfApwdGhi7NsZgj9KZWH8ppRF0g="
        },
        "strapi-sdk-javascript": {
            "version": "0.3.1",
            "resolved": "https://registry.npm.taobao.org/strapi-sdk-javascript/download/strapi-sdk-javascript-0.3.1.tgz",
            "integrity": "sha1-bwoXVkrqchrtS3BvNU45vmzfD2k=",
            "requires": {
                "axios": "^0.18.0",
                "js-cookie": "^2.2.0",
                "qs": "^6.5.2"
            }
        }
    }
}
